Microsoft Visual Studio Solution File, Format Version 11.00
# Visual Studio 2008

Project("{E2D3917A-D150-FE93-4E63-216B650F87D3}") = "PetGame", "Assembly-CSharp.csproj", "{0027039A-555D-8627-6D85-8D2FC1E18FC6}"
EndProject
Global
	GlobalSection(SolutionConfigurationPlatforms) = preSolution
		Debug|Any CPU = Debug|Any CPU
		Release|Any CPU = Release|Any CPU
	EndGlobalSection
	GlobalSection(ProjectConfigurationPlatforms) = postSolution
		{0027039A-555D-8627-6D85-8D2FC1E18FC6}.Debug|Any CPU.ActiveCfg = Debug|Any CPU
		{0027039A-555D-8627-6D85-8D2FC1E18FC6}.Debug|Any CPU.Build.0 = Debug|Any CPU
		{0027039A-555D-8627-6D85-8D2FC1E18FC6}.Release|Any CPU.ActiveCfg = Release|Any CPU
		{0027039A-555D-8627-6D85-8D2FC1E18FC6}.Release|Any CPU.Build.0 = Release|Any CPU
	EndGlobalSection
	GlobalSection(SolutionProperties) = preSolution
		HideSolutionNode = FALSE
	EndGlobalSection
	GlobalSection(MonoDevelopProperties) = preSolution
		StartupItem = Assembly-CSharp.csproj
	EndGlobalSection
EndGlobal
